github.com/dgrijalva/jwt-go v3.2.0+incompatible h1:7qlOGliEKZXTDg6OTjfoBKDXWrumCAMpl/TFQ4/5kLM=
github.com/dgrijalva/jwt-go v3.2.0+incompatible/go.mod h1:E3ru+11k8xSBh+hMPgOLZmtrrCbhqsmaPHjLKYnJCaQ=
github.com/springernature/cf-route-service-sso-oauth v0.0.0-20181020151635-9cc7b9436f48 h1:lGna5ylmdx8In/Q9UIlRvMMCca8A0xPB4HVs9rC8VgA=
github.com/springernature/cf-route-service-sso-oauth v0.0.0-20181020151635-9cc7b9436f48/go.mod h1:eKZBYbO3Z/9Qrsakh5SI+hcLAAkAGBRs/wgQoU++1XQ=
